{
    "_meta": {
        "hash": {
            "sha256": "ff9caa96b06f5b0e715ec5a6c469cbe9b6637eb4e7668004bff1e22fc8acb490"
        },
        "pipfile-spec": 6,
        "requires": {},
        "sources": [
            {
                "name": "pypi",
                "url": "https://pypi.org/simple",
                "verify_ssl": true
            }
        ]
    },
    "default": {
        "asn1crypto": {
            "hashes": [
                "sha256:2f1adbb7546ed199e3c90ef23ec95c5cf3585bac7d11fb7eb562a3fe89c64e87",
                "sha256:9d5c20441baf0cb60a4ac34cc447c6c189024b6b4c6cd7877034f4965c464e49"
            ],
            "index": "pypi",
            "version": "==0.24.0"
        },
        "attrs": {
            "hashes": [
                "sha256:4b90b09eeeb9b88c35bc642cbac057e45a5fd85367b985bd2809c62b7b939265",
                "sha256:e0d0eb91441a3b53dab4d9b743eafc1ac44476296a2053b6ca3af0b139faf87b"
            ],
            "index": "pypi",
            "version": "==18.1.0"
        },
        "autobahn": {
            "hashes": [
                "sha256:4f83dfb044bf72312d15f0632c4cf625de3c93912797a00801bd1564560c651e",
                "sha256:fc88885b44fd2f42d962d7ea6a1c9baf3d1551adddb92acc861be17418183fa0"
            ],
            "index": "pypi",
            "version": "==18.5.2"
        },
        "automat": {
            "hashes": [
                "sha256:2140297df155f7990f6f4c73b2ab0583bd8150db9ed2a1b48122abe66e9908c1",
                "sha256:3c1fd04ecf08ac87b4dd3feae409542e9bf7827257097b2b6ed5692f69d6f6a8"
            ],
            "index": "pypi",
            "version": "==0.6.0"
        },
        "beautifulsoup4": {
            "hashes": [
                "sha256:034740f6cb549b4e932ae1ab975581e6103ac8f942200a0e9759065984391858",
                "sha256:945065979fb8529dd2f37dbb58f00b661bdbcbebf954f93b32fdf5263ef35348",
                "sha256:ba6d5c59906a85ac23dadfe5c88deaf3e179ef565f4898671253e50a78680718"
            ],
            "version": "==4.7.1"
        },
        "bs4": {
            "hashes": [
                "sha256:36ecea1fd7cc5c0c6e4a1ff075df26d50da647b75376626cc186e2212886dd3a"
            ],
            "index": "pypi",
            "version": "==0.0.1"
        },
        "certifi": {
            "hashes": [
                "sha256:13e698f54293db9f89122b0581843a782ad0934a4fe0172d2a980ba77fc61bb7",
                "sha256:9fa520c1bacfb634fa7af20a76bcbd3d5fb390481724c597da32c719a7dca4b0"
            ],
            "index": "pypi",
            "version": "==2018.4.16"
        },
        "cffi": {
            "hashes": [
                "sha256:151b7eefd035c56b2b2e1eb9963c90c6302dc15fbd8c1c0a83a163ff2c7d7743",
                "sha256:1553d1e99f035ace1c0544050622b7bc963374a00c467edafac50ad7bd276aef",
                "sha256:1b0493c091a1898f1136e3f4f991a784437fac3673780ff9de3bcf46c80b6b50",
                "sha256:2ba8a45822b7aee805ab49abfe7eec16b90587f7f26df20c71dd89e45a97076f",
                "sha256:3bb6bd7266598f318063e584378b8e27c67de998a43362e8fce664c54ee52d30",
                "sha256:3c85641778460581c42924384f5e68076d724ceac0f267d66c757f7535069c93",
                "sha256:3eb6434197633b7748cea30bf0ba9f66727cdce45117a712b29a443943733257",
                "sha256:495c5c2d43bf6cebe0178eb3e88f9c4aa48d8934aa6e3cddb865c058da76756b",
                "sha256:4c91af6e967c2015729d3e69c2e51d92f9898c330d6a851bf8f121236f3defd3",
                "sha256:57b2533356cb2d8fac1555815929f7f5f14d68ac77b085d2326b571310f34f6e",
                "sha256:770f3782b31f50b68627e22f91cb182c48c47c02eb405fd689472aa7b7aa16dc",
                "sha256:79f9b6f7c46ae1f8ded75f68cf8ad50e5729ed4d590c74840471fc2823457d04",
                "sha256:7a33145e04d44ce95bcd71e522b478d282ad0eafaf34fe1ec5bbd73e662f22b6",
                "sha256:857959354ae3a6fa3da6651b966d13b0a8bed6bbc87a0de7b38a549db1d2a359",
                "sha256:87f37fe5130574ff76c17cab61e7d2538a16f843bb7bca8ebbc4b12de3078596",
                "sha256:95d5251e4b5ca00061f9d9f3d6fe537247e145a8524ae9fd30a2f8fbce993b5b",
                "sha256:9d1d3e63a4afdc29bd76ce6aa9d58c771cd1599fbba8cf5057e7860b203710dd",
                "sha256:a36c5c154f9d42ec176e6e620cb0dd275744aa1d804786a71ac37dc3661a5e95",
                "sha256:a6a5cb8809091ec9ac03edde9304b3ad82ad4466333432b16d78ef40e0cce0d5",
                "sha256:ae5e35a2c189d397b91034642cb0eab0e346f776ec2eb44a49a459e6615d6e2e",
                "sha256:b0f7d4a3df8f06cf49f9f121bead236e328074de6449866515cea4907bbc63d6",
                "sha256:b75110fb114fa366b29a027d0c9be3709579602ae111ff61674d28c93606acca",
                "sha256:ba5e697569f84b13640c9e193170e89c13c6244c24400fc57e88724ef610cd31",
                "sha256:be2a9b390f77fd7676d80bc3cdc4f8edb940d8c198ed2d8c0be1319018c778e1",
                "sha256:ca1bd81f40adc59011f58159e4aa6445fc585a32bb8ac9badf7a2c1aa23822f2",
                "sha256:d5d8555d9bfc3f02385c1c37e9f998e2011f0db4f90e250e5bc0c0a85a813085",
                "sha256:e55e22ac0a30023426564b1059b035973ec82186ddddbac867078435801c7801",
                "sha256:e90f17980e6ab0f3c2f3730e56d1fe9bcba1891eeea58966e89d352492cc74f4",
                "sha256:ecbb7b01409e9b782df5ded849c178a0aa7c906cf8c5a67368047daab282b184",
                "sha256:ed01918d545a38998bfa5902c7c00e0fee90e957ce036a4000a88e3fe2264917",
                "sha256:edabd457cd23a02965166026fd9bfd196f4324fe6032e866d0f3bd0301cd486f",
                "sha256:fdf1c1dc5bafc32bc5d08b054f94d659422b05aba244d6be4ddc1c72d9aa70fb"
            ],
            "index": "pypi",
            "version": "==1.11.5"
        },
        "chardet": {
            "hashes": [
                "sha256:84ab92ed1c4d4f16916e05906b6b75a6c0fb5db821cc65e70cbd64a3e2a5eaae",
                "sha256:fc323ffcaeaed0e0a02bf4d117757b98aed530d9ed4531e3e15460124c106691"
            ],
            "index": "pypi",
            "version": "==3.0.4"
        },
        "constantly": {
            "hashes": [
                "sha256:586372eb92059873e29eba4f9dec8381541b4d3834660707faf8ba59146dfc35",
                "sha256:dd2fa9d6b1a51a83f0d7dd76293d734046aa176e384bf6e33b7e44880eb37c5d"
            ],
            "index": "pypi",
            "version": "==15.1.0"
        },
        "cryptography": {
            "hashes": [
                "sha256:21af753934f2f6d1a10fe8f4c0a64315af209ef6adeaee63ca349797d747d687",
                "sha256:27bb401a20a838d6d0ea380f08c6ead3ccd8c9d8a0232dc9adcc0e4994576a66",
                "sha256:29720c4253263cff9aea64585adbbe85013ba647f6e98367efff9db2d7193ded",
                "sha256:2a35b7570d8f247889784010aac8b384fd2e4a47b33e15c4a60b45a7c1944120",
                "sha256:42c531a6a354407f42ee07fda5c2c0dc822cf6d52744949c182f2b295fbd4183",
                "sha256:5eb86f03f9c4f0ac2336ac5431271072ddf7ecc76b338e26366732cfac58aa19",
                "sha256:67f7f57eae8dede577f3f7775957f5bec93edd6bdb6ce597bb5b28e1bdf3d4fb",
                "sha256:6ec84edcbc966ae460560a51a90046503ff0b5b66157a9efc61515c68059f6c8",
                "sha256:7ba834564daef87557e7fcd35c3c3183a4147b0b3a57314e53317360b9b201b3",
                "sha256:7d7f084cbe1fdb82be5a0545062b59b1ad3637bc5a48612ac2eb428ff31b31ea",
                "sha256:82409f5150e529d699e5c33fa8fd85e965104db03bc564f5f4b6a9199e591f7c",
                "sha256:87d092a7c2a44e5f7414ab02fb4145723ebba411425e1a99773531dd4c0e9b8d",
                "sha256:8c56ef989342e42b9fcaba7c74b446f0cc9bed546dd00034fa7ad66fc00307ef",
                "sha256:9449f5d4d7c516a6118fa9210c4a00f34384cb1d2028672100ee0c6cce49d7f6",
                "sha256:bc2301170986ad82d9349a91eb8884e0e191209c45f5541b16aa7c0cfb135978",
                "sha256:c132bab45d4bd0fff1d3fe294d92b0a6eb8404e93337b3127bdec9f21de117e6",
                "sha256:c3d945b7b577f07a477700f618f46cbc287af3a9222cd73035c6ef527ef2c363",
                "sha256:cee18beb4c807b5c0b178f4fa2fae03cef9d51821a358c6890f8b23465b7e5d2",
                "sha256:d01dfc5c2b3495184f683574e03c70022674ca9a7be88589c5aba130d835ea90"
            ],
            "index": "pypi",
            "version": "==2.3"
        },
        "dateparser": {
            "hashes": [
                "sha256:940828183c937bcec530753211b70f673c0a9aab831e43273489b310538dff86",
                "sha256:b452ef8b36cd78ae86a50721794bc674aa3994e19b570f7ba92810f4e0a2ae03"
            ],
            "index": "pypi",
            "version": "==0.7.0"
        },
        "future": {
            "hashes": [
                "sha256:67045236dcfd6816dc439556d009594abf643e5eb48992e36beac09c2ca659b8"
            ],
            "version": "==0.17.1"
        },
        "hyperlink": {
            "hashes": [
                "sha256:98da4218a56b448c7ec7d2655cb339af1f7d751cf541469bb4fc28c4a4245b34",
                "sha256:f01b4ff744f14bc5d0a22a6b9f1525ab7d6312cb0ff967f59414bbac52f0a306"
            ],
            "index": "pypi",
            "version": "==18.0.0"
        },
        "idna": {
            "hashes": [
                "sha256:2c6a5de3089009e3da7c5dde64a141dbc8551d5b7f6cf4ed7c2568d0cc520a8f",
                "sha256:8c7309c718f94b3a625cb648ace320157ad16ff131ae0af362c9f21b80ef6ec4"
            ],
            "index": "pypi",
            "version": "==2.6"
        },
        "incremental": {
            "hashes": [
                "sha256:717e12246dddf231a349175f48d74d93e2897244939173b01974ab6661406b9f",
                "sha256:7b751696aaf36eebfab537e458929e194460051ccad279c72b755a167eebd4b3"
            ],
            "index": "pypi",
            "version": "==17.5.0"
        },
        "lxml": {
            "hashes": [
                "sha256:03984196d00670b2ab14ae0ea83d5cc0cfa4f5a42558afa9ab5fa745995328f5",
                "sha256:0815b0c9f897468de6a386dc15917a0becf48cc92425613aa8bbfc7f0f82951f",
                "sha256:175f3825f075cf02d15099eb52658457cf0ff103dcf11512b5d2583e1d40f58b",
                "sha256:30e14c62d88d1e01a26936ecd1c6e784d4afc9aa002bba4321c5897937112616",
                "sha256:3210da6f36cf4b835ff1be853962b22cc354d506f493b67a4303c88bbb40d57b",
                "sha256:40f60819fbd5bad6e191ba1329bfafa09ab7f3f174b3d034d413ef5266963294",
                "sha256:43b26a865a61549919f8a42e094dfdb62847113cf776d84bd6b60e4e3fc20ea3",
                "sha256:4a03dd682f8e35a10234904e0b9508d705ff98cf962c5851ed052e9340df3d90",
                "sha256:62f382cddf3d2e52cf266e161aa522d54fd624b8cc567bc18f573d9d50d40e8e",
                "sha256:7b98f0325be8450da70aa4a796c4f06852949fe031878b4aa1d6c417a412f314",
                "sha256:846a0739e595871041385d86d12af4b6999f921359b38affb99cdd6b54219a8f",
                "sha256:a3080470559938a09a5d0ec558c005282e99ac77bf8211fb7b9a5c66390acd8d",
                "sha256:ad841b78a476623955da270ab8d207c3c694aa5eba71f4792f65926dc46c6ee8",
                "sha256:afdd75d9735e44c639ffd6258ce04a2de3b208f148072c02478162d0944d9da3",
                "sha256:b4fbf9b552faff54742bcd0791ab1da5863363fb19047e68f6592be1ac2dab33",
                "sha256:b90c4e32d6ec089d3fa3518436bdf5ce4d902a0787dbd9bb09f37afe8b994317",
                "sha256:b91cfe4438c741aeff662d413fd2808ac901cc6229c838236840d11de4586d63",
                "sha256:bdb0593a42070b0a5f138b79b872289ee73c8e25b3f0bea6564e795b55b6bcdd",
                "sha256:c4e4bca2bb68ce22320297dfa1a7bf070a5b20bcbaec4ee023f83d2f6e76496f",
                "sha256:cec4ab14af9eae8501be3266ff50c3c2aecc017ba1e86c160209bb4f0423df6a",
                "sha256:e83b4b2bf029f5104bc1227dbb7bf5ace6fd8fabaebffcd4f8106fafc69fc45f",
                "sha256:e995b3734a46d41ae60b6097f7c51ba9958648c6d1e0935b7e0ee446ee4abe22",
                "sha256:f679d93dec7f7210575c85379a31322df4c46496f184ef650d3aba1484b38a2d",
                "sha256:fd213bb5166e46974f113c8228daaef1732abc47cb561ce9c4c8eaed4bd3b09b",
                "sha256:fdcb57b906dbc1f80666e6290e794ab8fb959a2e17aa5aee1758a85d1da4533f",
                "sha256:ff424b01d090ffe1947ec7432b07f536912e0300458f9a7f48ea217dd8362b86"
            ],
            "index": "pypi",
            "version": "==4.3.3"
        },
        "pyasn1": {
            "hashes": [
                "sha256:a66dcda18dbf6e4663bde70eb30af3fc4fe1acb2d14c4867a861681887a5f9a2",
                "sha256:fb81622d8f3509f0026b0683fe90fea27be7284d3826a5f2edf97f69151ab0fc"
            ],
            "index": "pypi",
            "version": "==0.4.3"
        },
        "pyasn1-modules": {
            "hashes": [
                "sha256:47fb6757ab78fe966e7c58b2030b546854f78416d653163f0ce9290cf2278e8b",
                "sha256:af00ea8f2022b6287dc375b2c70f31ab5af83989fc6fe9eacd4976ce26cd7ccc"
            ],
            "index": "pypi",
            "version": "==0.2.1"
        },
        "pycparser": {
            "hashes": [
                "sha256:99a8ca03e29851d96616ad0404b4aad7d9ee16f25c9f9708a11faf2810f7b226"
            ],
            "index": "pypi",
            "version": "==2.18"
        },
        "pyopenssl": {
            "hashes": [
                "sha256:26ff56a6b5ecaf3a2a59f132681e2a80afcc76b4f902f612f518f92c2a1bf854",
                "sha256:6488f1423b00f73b7ad5167885312bb0ce410d3312eb212393795b53c8caa580"
            ],
            "index": "pypi",
            "version": "==18.0.0"
        },
        "python-binance": {
            "hashes": [
                "sha256:2167f8fb270bf0a7a18f0e96c154e29a97c4281e67ecee1d053b8fc2280439f5",
                "sha256:69e145f02d6cdd0b2c1cda7cdc8c5444a268a60d2d63610ba11c5c9a44bebd5a"
            ],
            "index": "pypi",
            "version": "==0.6.9"
        },
        "python-dateutil": {
            "hashes": [
                "sha256:1adb80e7a782c12e52ef9a8182bebeb73f1d7e24e374397af06fb4956c8dc5c0",
                "sha256:e27001de32f627c22380a688bcc43ce83504a7bc5da472209b4c70f02829f0b8"
            ],
            "index": "pypi",
            "version": "==2.7.3"
        },
        "python-telegram-bot": {
            "hashes": [
                "sha256:78695b1f6e147e9b360ccfb1ac92b542cab27870ccaf04065a88ee601ffa58b6",
                "sha256:cca4e32ebb8da7fdf35ab2fa2b3edd441211364819c5592fc253acdb7561ea5b"
            ],
            "index": "pypi",
            "version": "==11.1.0"
        },
        "pytz": {
            "hashes": [
                "sha256:65ae0c8101309c45772196b21b74c46b2e5d11b6275c45d251b150d5da334555",
                "sha256:c06425302f2cf668f1bba7a0a03f3c1d34d4ebeef2c72003da308b3947c7f749"
            ],
            "index": "pypi",
            "version": "==2018.4"
        },
        "regex": {
            "hashes": [
                "sha256:3326619c3716dbbfe5b2a3e4a109b0bbb6476a35398612539788b15663e0f0d3",
                "sha256:3b95120ffcbeb44eb3362456ec887c72190726a2a3e270f1c7343266941826d4",
                "sha256:3cc8106f31467d9b7a7ea6d0db95cb7a4097e3683e686c89cc14d3a81f66e637",
                "sha256:45fa86b2e6bf8b1f5b60820d2d9520d42f32497d4bf8903ed0b86285b29d3aa9",
                "sha256:60ff6be94b168ee7f6f5a8b334503f3d3eda21b2aa9cf3909736bc600ed9455d",
                "sha256:712922a779b153290e3007f4bbdb0af459c36c70f00c6690acd0a86f2f3f52b0",
                "sha256:7638a3babd94f947e639c45c0b13cee62caea31ad6fedce392bd3edacf412c5f",
                "sha256:8ad161a52107e6e4bd56f1ee299b1dc492873b8abbfcf639fea4765d96853e32",
                "sha256:92ef64d4afe7e709b57b1ca38a41ef0df54f03b4418f1c0e1b2edb52f671eec8",
                "sha256:99665c4ca23f9b09618b38afd3c11d0dd6424d0e2d4374afd4c3fc319236552b",
                "sha256:9ee46c7cb5306c96ae9dad07f608f5a474f47c9505fe046d32df6bcb5e6c18ba",
                "sha256:ab174253361da55a8425f60bbe319fb32083b295507bace5513834bc3723fcd1",
                "sha256:afeb71482e4f7c18ad94802c6c8fbabf2585d3804ca45a8c9db046c120a44a51",
                "sha256:bfb99e3bdf1ff372c8876f217b00fe44dd08f3f53ab590df6fa93b3b72d9dfb6",
                "sha256:f87f51647eeff0f7a1e787b2a8b56d059cfa3ea28f2d825b50a66a172574c6f0"
            ],
            "index": "pypi",
            "version": "==2018.6.6"
        },
        "requests": {
            "hashes": [
                "sha256:99dcfdaaeb17caf6e526f32b6a7b780461512ab3f1d992187801694cba42770c",
                "sha256:a84b8c9ab6239b578f22d1c21d51b696dcfe004032bb80ea832398d6909d7279"
            ],
            "index": "pypi",
            "version": "==2.20.0"
        },
        "service-identity": {
            "hashes": [
                "sha256:0e76f3c042cc0f5c7e6da002cf646f59dc4023962d1d1166343ce53bdad39e17",
                "sha256:4001fbb3da19e0df22c47a06d29681a398473af4aa9d745eca525b3b2c2302ab"
            ],
            "index": "pypi",
            "version": "==17.0.0"
        },
        "six": {
            "hashes": [
                "sha256:70e8a77beed4562e7f14fe23a786b54f6296e34344c23bc42f07b15018ff98e9",
                "sha256:832dc0e10feb1aa2c68dcc57dbb658f1c7e65b9b61af69048abc87a2db00a0eb"
            ],
            "index": "pypi",
            "version": "==1.11.0"
        },
        "soupsieve": {
            "hashes": [
                "sha256:3aef141566afd07201b525c17bfaadd07580a8066f82b57f7c9417f26adbd0a3",
                "sha256:e41a65e99bd125972d84221022beb1e4b5cfc68fa12c170c39834ce32d1b294c"
            ],
            "version": "==1.9"
        },
        "twisted": {
            "hashes": [
                "sha256:3ad1e553c7b66a501abbcf7736620210cc58928730d3e1b905b345fc30043d4b",
                "sha256:a4cc164a781859c74de47f17f0e85f4bce8a3321a9d0892c015c8f80c4158ad9"
            ],
            "index": "pypi",
            "version": "==18.4.0"
        },
        "txaio": {
            "hashes": [
                "sha256:4797f9f6a9866fe887c96abc0110a226dd5744c894dc3630870542597ad30853",
                "sha256:c25acd6c2ef7005a0cd50fa2b65deac409be2f3886e2fcd04f99fae827b179e4"
            ],
            "index": "pypi",
            "version": "==2.10.0"
        },
        "tzlocal": {
            "hashes": [
                "sha256:4ebeb848845ac898da6519b9b31879cf13b6626f7184c496037b818e238f2c4e"
            ],
            "index": "pypi",
            "version": "==1.5.1"
        },
        "urllib3": {
            "hashes": [
                "sha256:a68ac5e15e76e7e5dd2b8f94007233e01effe3e50e8daddf69acfd81cb686baf",
                "sha256:b5725a0bd4ba422ab0e66e89e030c806576753ea3ee08554382c14e685d117b5"
            ],
            "index": "pypi",
            "version": "==1.23"
        },
        "zope.interface": {
            "hashes": [
                "sha256:21506674d30c009271fe68a242d330c83b1b9d76d62d03d87e1e9528c61beea6",
                "sha256:3d184aff0756c44fff7de69eb4cd5b5311b6f452d4de28cb08343b3f21993763",
                "sha256:40c89d3a4e7e6c20db80be638a0a2be103b659ae3b2fc92e25ef1c7ac11be798",
                "sha256:425e1458d7b893f3ae2fb1bd8344e7bb0beaa114cdc91299c797442638021a17",
                "sha256:467d364b24cb398f76ad5e90398d71b9325eb4232be9e8a50d6a3b3c7a1c8789",
                "sha256:4d17483ec4177ee085e690d8d4104de913392250bc50f41fb240c9f378bfb88b",
                "sha256:57c38470d9f57e37afb460c399eb254e7193ac7fb8042bd09bdc001981a9c74c",
                "sha256:727aa737a48dd33d6859296f15edb54e85ccdfa5667513f7a50daf362b3df75b",
                "sha256:7307f7e341f47f057756e1e0e9f5bad85d4cf55a6a8aaafe681e2e5e5dd79446",
                "sha256:9ada83f4384bbb12dedc152bcdd46a3ac9f5f7720d43ac3ce3e8e8b91d733c10",
                "sha256:a1daf9c5120f3cc6f2b5fef8e1d2a3fb7bbbb20ed4bfdc25bc8364bc62dcf54b",
                "sha256:aa1f22d5380d440c78bd9b13dbe697292422277a30eeabcd0ba66b6e37a25ef1",
                "sha256:b445e2d58d8faa94a9ae863ed10c661e05d7ba6ce00548867a0153e6d927e4a2",
                "sha256:c2a0ba07228921393b0e28d7306bf8652d5d392cff7eea3f4c0ba599b28f85de",
                "sha256:e6b77ae84f2b8502d99a7855fa33334a1eb6159de45626905cb3e454c023f339",
                "sha256:e881ef610ff48aece2f4ee2af03d2db1a146dc7c705561bd6089b2356f61641f",
                "sha256:ec3cdfb92f714fc02aaf390ee34e7fa636a0478a0976733ac2b39bc23b11a095",
                "sha256:ef4b9bf3ff28a874a2becda91c281ef4dbc89f9ceacfb1d11040893080a48e18",
                "sha256:f41037260deaacb875db250021fe883bf536bf6414a4fd25b25059b02e31b120"
            ],
            "index": "pypi",
            "version": "==4.5.0"
        }
    },
    "develop": {
        "astroid": {
            "hashes": [
                "sha256:6560e1e1749f68c64a4b5dee4e091fce798d2f0d84ebe638cf0e0585a343acf4",
                "sha256:b65db1bbaac9f9f4d190199bb8680af6f6f84fd3769a5ea883df8a91fe68b4c4"
            ],
            "version": "==2.2.5"
        },
        "isort": {
            "hashes": [
                "sha256:08f8e3f0f0b7249e9fad7e5c41e2113aba44969798a26452ee790c06f155d4ec",
                "sha256:4e9e9c4bd1acd66cf6c36973f29b031ec752cbfd991c69695e4e259f9a756927"
            ],
            "version": "==4.3.16"
        },
        "lazy-object-proxy": {
            "hashes": [
                "sha256:0ce34342b419bd8f018e6666bfef729aec3edf62345a53b537a4dcc115746a33",
                "sha256:1b668120716eb7ee21d8a38815e5eb3bb8211117d9a90b0f8e21722c0758cc39",
                "sha256:209615b0fe4624d79e50220ce3310ca1a9445fd8e6d3572a896e7f9146bbf019",
                "sha256:27bf62cb2b1a2068d443ff7097ee33393f8483b570b475db8ebf7e1cba64f088",
                "sha256:27ea6fd1c02dcc78172a82fc37fcc0992a94e4cecf53cb6d73f11749825bd98b",
                "sha256:2c1b21b44ac9beb0fc848d3993924147ba45c4ebc24be19825e57aabbe74a99e",
                "sha256:2df72ab12046a3496a92476020a1a0abf78b2a7db9ff4dc2036b8dd980203ae6",
                "sha256:320ffd3de9699d3892048baee45ebfbbf9388a7d65d832d7e580243ade426d2b",
                "sha256:50e3b9a464d5d08cc5227413db0d1c4707b6172e4d4d915c1c70e4de0bbff1f5",
                "sha256:5276db7ff62bb7b52f77f1f51ed58850e315154249aceb42e7f4c611f0f847ff",
                "sha256:61a6cf00dcb1a7f0c773ed4acc509cb636af2d6337a08f362413c76b2b47a8dd",
                "sha256:6ae6c4cb59f199d8827c5a07546b2ab7e85d262acaccaacd49b62f53f7c456f7",
                "sha256:7661d401d60d8bf15bb5da39e4dd72f5d764c5aff5a86ef52a042506e3e970ff",
                "sha256:7bd527f36a605c914efca5d3d014170b2cb184723e423d26b1fb2fd9108e264d",
                "sha256:7cb54db3535c8686ea12e9535eb087d32421184eacc6939ef15ef50f83a5e7e2",
                "sha256:7f3a2d740291f7f2c111d86a1c4851b70fb000a6c8883a59660d95ad57b9df35",
                "sha256:81304b7d8e9c824d058087dcb89144842c8e0dea6d281c031f59f0acf66963d4",
                "sha256:933947e8b4fbe617a51528b09851685138b49d511af0b6c0da2539115d6d4514",
                "sha256:94223d7f060301b3a8c09c9b3bc3294b56b2188e7d8179c762a1cda72c979252",
                "sha256:ab3ca49afcb47058393b0122428358d2fbe0408cf99f1b58b295cfeb4ed39109",
                "sha256:bd6292f565ca46dee4e737ebcc20742e3b5be2b01556dafe169f6c65d088875f",
                "sha256:cb924aa3e4a3fb644d0c463cad5bc2572649a6a3f68a7f8e4fbe44aaa6d77e4c",
                "sha256:d0fc7a286feac9077ec52a927fc9fe8fe2fabab95426722be4c953c9a8bede92",
                "sha256:ddc34786490a6e4ec0a855d401034cbd1242ef186c20d79d2166d6a4bd449577",
                "sha256:e34b155e36fa9da7e1b7c738ed7767fc9491a62ec6af70fe9da4a057759edc2d",
                "sha256:e5b9e8f6bda48460b7b143c3821b21b452cb3a835e6bbd5dd33aa0c8d3f5137d",
                "sha256:e81ebf6c5ee9684be8f2c87563880f93eedd56dd2b6146d8a725b50b7e5adb0f",
                "sha256:eb91be369f945f10d3a49f5f9be8b3d0b93a4c2be8f8a5b83b0571b8123e0a7a",
                "sha256:f460d1ceb0e4a5dcb2a652db0904224f367c9b3c1470d5a7683c0480e582468b"
            ],
            "version": "==1.3.1"
        },
        "mccabe": {
            "hashes": [
                "sha256:ab8a6258860da4b6677da4bd2fe5dc2c659cff31b3ee4f7f5d64e79735b80d42",
                "sha256:dd8d182285a0fe56bace7f45b5e7d1a6ebcbf524e8f3bd87eb0f125271b8831f"
            ],
            "version": "==0.6.1"
        },
        "pylint": {
            "hashes": [
                "sha256:5d77031694a5fb97ea95e828c8d10fc770a1df6eb3906067aaed42201a8a6a09",
                "sha256:723e3db49555abaf9bf79dc474c6b9e2935ad82230b10c1138a71ea41ac0fff1"
            ],
            "index": "pypi",
            "version": "==2.3.1"
        },
        "six": {
            "hashes": [
                "sha256:70e8a77beed4562e7f14fe23a786b54f6296e34344c23bc42f07b15018ff98e9",
                "sha256:832dc0e10feb1aa2c68dcc57dbb658f1c7e65b9b61af69048abc87a2db00a0eb"
            ],
            "index": "pypi",
            "version": "==1.11.0"
        },
        "typed-ast": {
            "hashes": [
                "sha256:035a54ede6ce1380599b2ce57844c6554666522e376bd111eb940fbc7c3dad23",
                "sha256:037c35f2741ce3a9ac0d55abfcd119133cbd821fffa4461397718287092d9d15",
                "sha256:049feae7e9f180b64efacbdc36b3af64a00393a47be22fa9cb6794e68d4e73d3",
                "sha256:19228f7940beafc1ba21a6e8e070e0b0bfd1457902a3a81709762b8b9039b88d",
                "sha256:2ea681e91e3550a30c2265d2916f40a5f5d89b59469a20f3bad7d07adee0f7a6",
                "sha256:3a6b0a78af298d82323660df5497bcea0f0a4a25a0b003afd0ce5af049bd1f60",
                "sha256:5385da8f3b801014504df0852bf83524599df890387a3c2b17b7caa3d78b1773",
                "sha256:606d8afa07eef77280c2bf84335e24390055b478392e1975f96286d99d0cb424",
                "sha256:69245b5b23bbf7fb242c9f8f08493e9ecd7711f063259aefffaeb90595d62287",
                "sha256:6f6d839ab09830d59b7fa8fb6917023d8cb5498ee1f1dbd82d37db78eb76bc99",
                "sha256:730888475f5ac0e37c1de4bd05eeb799fdb742697867f524dc8a4cd74bcecc23",
                "sha256:9819b5162ffc121b9e334923c685b0d0826154e41dfe70b2ede2ce29034c71d8",
                "sha256:9e60ef9426efab601dd9aa120e4ff560f4461cf8442e9c0a2b92548d52800699",
                "sha256:af5fbdde0690c7da68e841d7fc2632345d570768ea7406a9434446d7b33b0ee1",
                "sha256:b64efdbdf3bbb1377562c179f167f3bf301251411eb5ac77dec6b7d32bcda463",
                "sha256:bac5f444c118aeb456fac1b0b5d14c6a71ea2a42069b09c176f75e9bd4c186f6",
                "sha256:bda9068aafb73859491e13b99b682bd299c1b5fd50644d697533775828a28ee0",
                "sha256:d659517ca116e6750101a1326107d3479028c5191f0ecee3c7203c50f5b915b0",
                "sha256:eddd3fb1f3e0f82e5915a899285a39ee34ce18fd25d89582bc89fc9fb16cd2c6"
            ],
            "markers": "implementation_name == 'cpython'",
            "version": "==1.3.1"
        },
        "wrapt": {
            "hashes": [
                "sha256:4aea003270831cceb8a90ff27c4031da6ead7ec1886023b80ce0dfe0adf61533"
            ],
            "version": "==1.11.1"
        }
    }
}
